// !$*UTF8*$!
{
	archiveVersion = 1;
	classes = {
	};
	objectVersion = 46;
	objects = {

/* Begin PBXBuildFile section */
		7D0401AB1E03F69E00B7E49E /* AppDelegate.swift in Sources */ = {isa = PBXBuildFile; fileRef = 7D0401AA1E03F69E00B7E49E /* AppDelegate.swift */; };
		7D0401AD1E03F69E00B7E49E /* ViewController.swift in Sources */ = {isa = PBXBuildFile; fileRef = 7D0401AC1E03F69E00B7E49E /* ViewController.swift */; };
		7D0401B01E03F69E00B7E49E /* Main.storyboard in Resources */ = {isa = PBXBuildFile; fileRef = 7D0401AE1E03F69E00B7E49E /* Main.storyboard */; };
		7D0401B21E03F69E00B7E49E /* Assets.xcassets in Resources */ = {isa = PBXBuildFile; fileRef = 7D0401B11E03F69E00B7E49E /* Assets.xcassets */; };
		7D0401B51E03F69E00B7E49E /* LaunchScreen.storyboard in Resources */ = {isa = PBXBuildFile; fileRef = 7D0401B31E03F69E00B7E49E /* LaunchScreen.storyboard */; };
		7D0401C01E03F69E00B7E49E /* PipesTests.swift in Sources */ = {isa = PBXBuildFile; fileRef = 7D0401BF1E03F69E00B7E49E /* PipesTests.swift */; };
		7D0401CB1E03F69E00B7E49E /* PipesUITests.swift in Sources */ = {isa = PBXBuildFile; fileRef = 7D0401CA1E03F69E00B7E49E /* PipesUITests.swift */; };
		7D0401D91E03F7CC00B7E49E /* PipesGrid.swift in Sources */ = {isa = PBXBuildFile; fileRef = 7D0401D81E03F7CC00B7E49E /* PipesGrid.swift */; };
/* End PBXBuildFile section */

/* Begin PBXContainerItemProxy section */
		7D0401BC1E03F69E00B7E49E /* PBXContainerItemProxy */ = {
			isa = PBXContainerItemProxy;
			containerPortal = 7D04019F1E03F69E00B7E49E /* Project object */;
			proxyType = 1;
			remoteGlobalIDString = 7D0401A61E03F69E00B7E49E;
			remoteInfo = Pipes;
		};
		7D0401C71E03F69E00B7E49E /* PBXContainerItemProxy */ = {
			isa = PBXContainerItemProxy;
			containerPortal = 7D04019F1E03F69E00B7E49E /* Project object */;
			proxyType = 1;
			remoteGlobalIDString = 7D0401A61E03F69E00B7E49E;
			remoteInfo = Pipes;
		};
/* End PBXContainerItemProxy section */

/* Begin PBXFileReference section */
		7D0401A71E03F69E00B7E49E /* Pipes.app */ = {isa = PBXFileReference; explicitFileType = wrapper.application; includeInIndex = 0; path = Pipes.app; sourceTree = BUILT_PRODUCTS_DIR; };
		7D0401AA1E03F69E00B7E49E /* AppDelegate.swift */ = {isa = PBXFileReference; lastKnownFileType = sourcecode.swift; path = AppDelegate.swift; sourceTree = "<group>"; };
		7D0401AC1E03F69E00B7E49E /* ViewController.swift */ = {isa = PBXFileReference; lastKnownFileType = sourcecode.swift; path = ViewController.swift; sourceTree = "<group>"; };
		7D0401AF1E03F69E00B7E49E /* Base */ = {isa = PBXFileReference; lastKnownFileType = file.storyboard; name = Base; path = Base.lproj/Main.storyboard; sourceTree = "<group>"; };
		7D0401B11E03F69E00B7E49E /* Assets.xcassets */ = {isa = PBXFileReference; lastKnownFileType = folder.assetcatalog; path = Assets.xcassets; sourceTree = "<group>"; };
		7D0401B41E03F69E00B7E49E /* Base */ = {isa = PBXFileReference; lastKnownFileType = file.storyboard; name = Base; path = Base.lproj/LaunchScreen.storyboard; sourceTree = "<group>"; };
		7D0401B61E03F69E00B7E49E /* Info.plist */ = {isa = PBXFileReference; lastKnownFileType = text.plist.xml; path = Info.plist; sourceTree = "<group>"; };
		7D0401BB1E03F69E00B7E49E /* PipesTests.xctest */ = {isa = PBXFileReference; explicitFileType = wrapper.cfbundle; includeInIndex = 0; path = PipesTests.xctest; sourceTree = BUILT_PRODUCTS_DIR; };
		7D0401BF1E03F69E00B7E49E /* PipesTests.swift */ = {isa = PBXFileReference; lastKnownFileType = sourcecode.swift; path = PipesTests.swift; sourceTree = "<group>"; };
		7D0401C11E03F69E00B7E49E /* Info.plist */ = {isa = PBXFileReference; lastKnownFileType = text.plist.xml; path = Info.plist; sourceTree = "<group>"; };
		7D0401C61E03F69E00B7E49E /* PipesUITests.xctest */ = {isa = PBXFileReference; explicitFileType = wrapper.cfbundle; includeInIndex = 0; path = PipesUITests.xctest; sourceTree = BUILT_PRODUCTS_DIR; };
		7D0401CA1E03F69E00B7E49E /* PipesUITests.swift */ = {isa = PBXFileReference; lastKnownFileType = sourcecode.swift; path = PipesUITests.swift; sourceTree = "<group>"; };
		7D0401CC1E03F69E00B7E49E /* Info.plist */ = {isa = PBXFileReference; lastKnownFileType = text.plist.xml; path = Info.plist; sourceTree = "<group>"; };
		7D0401D81E03F7CC00B7E49E /* PipesGrid.swift */ = {isa = PBXFileReference; fileEncoding = 4; lastKnownFileType = sourcecode.swift; path = PipesGrid.swift; sourceTree = "<group>"; };
/* End PBXFileReference section */

/* Begin PBXFrameworksBuildPhase section */
		7D0401A41E03F69E00B7E49E /* Frameworks */ = {
			isa = PBXFrameworksBuildPhase;
			buildActionMask = 2147483647;
			files = (
			);
			runOnlyForDeploymentPostprocessing = 0;
		};
		7D0401B81E03F69E00B7E49E /* Frameworks */ = {
			isa = PBXFrameworksBuildPhase;
			buildActionMask = 2147483647;
			files = (
			);
			runOnlyForDeploymentPostprocessing = 0;
		};
		7D0401C31E03F69E00B7E49E /* Frameworks */ = {
			isa = PBXFrameworksBuildPhase;
			buildActionMask = 2147483647;
			files = (
			);
			runOnlyForDeploymentPostprocessing = 0;
		};
/* End PBXFrameworksBuildPhase section */

/* Begin PBXGroup section */
		7D04019E1E03F69E00B7E49E = {
			isa = PBXGroup;
			children = (
				7D0401A91E03F69E00B7E49E /* Pipes */,
				7D0401BE1E03F69E00B7E49E /* PipesTests */,
				7D0401C91E03F69E00B7E49E /* PipesUITests */,
				7D0401A81E03F69E00B7E49E /* Products */,
			);
			sourceTree = "<group>";
		};
		7D0401A81E03F69E00B7E49E /* Products */ = {
			isa = PBXGroup;
			children = (
				7D0401A71E03F69E00B7E49E /* Pipes.app */,
				7D0401BB1E03F69E00B7E49E /* PipesTests.xctest */,
				7D0401C61E03F69E00B7E49E /* PipesUITests.xctest */,
			);
			name = Products;
			sourceTree = "<group>";
		};
		7D0401A91E03F69E00B7E49E /* Pipes */ = {
			isa = PBXGroup;
			children = (
				7D0401AA1E03F69E00B7E49E /* AppDelegate.swift */,
				7D0401AC1E03F69E00B7E49E /* ViewController.swift */,
				7D0401D81E03F7CC00B7E49E /* PipesGrid.swift */,
				7D0401AE1E03F69E00B7E49E /* Main.storyboard */,
				7D0401B11E03F69E00B7E49E /* Assets.xcassets */,
				7D0401B31E03F69E00B7E49E /* LaunchScreen.storyboard */,
				7D0401B61E03F69E00B7E49E /* Info.plist */,
			);
			path = Pipes;
			sourceTree = "<group>";
		};
		7D0401BE1E03F69E00B7E49E /* PipesTests */ = {
			isa = PBXGroup;
			children = (
				7D0401BF1E03F69E00B7E49E /* PipesTests.swift */,
				7D0401C11E03F69E00B7E49E /* Info.plist */,
			);
			path = PipesTests;
			sourceTree = "<group>";
		};
		7D0401C91E03F69E00B7E49E /* PipesUITests */ = {
			isa = PBXGroup;
			children = (
				7D0401CA1E03F69E00B7E49E /* PipesUITests.swift */,
				7D0401CC1E03F69E00B7E49E /* Info.plist */,
			);
			path = PipesUITests;
			sourceTree = "<group>";
		};
/* End PBXGroup section */

/* Begin PBXNativeTarget section */
		7D0401A61E03F69E00B7E49E /* Pipes */ = {
			isa = PBXNativeTarget;
			buildConfigurationList = 7D0401CF1E03F69E00B7E49E /* Build configuration list for PBXNativeTarget "Pipes" */;
			buildPhases = (
				7D0401A31E03F69E00B7E49E /* Sources */,
				7D0401A41E03F69E00B7E49E /* Frameworks */,
				7D0401A51E03F69E00B7E49E /* Resources */,
			);
			buildRules = (
			);
			dependencies = (
			);
			name = Pipes;
			productName = Pipes;
			productReference = 7D0401A71E03F69E00B7E49E /* Pipes.app */;
			productType = "com.apple.product-type.application";
		};
		7D0401BA1E03F69E00B7E49E /* PipesTests */ = {
			isa = PBXNativeTarget;
			buildConfigurationList = 7D0401D21E03F69E00B7E49E /* Build configuration list for PBXNativeTarget "PipesTests" */;
			buildPhases = (
				7D0401B71E03F69E00B7E49E /* Sources */,
				7D0401B81E03F69E00B7E49E /* Frameworks */,
				7D0401B91E03F69E00B7E49E /* Resources */,
			);
			buildRules = (
			);
			dependencies = (
				7D0401BD1E03F69E00B7E49E /* PBXTargetDependency */,
			);
			name = PipesTests;
			productName = PipesTests;
			productReference = 7D0401BB1E03F69E00B7E49E /* PipesTests.xctest */;
			productType = "com.apple.product-type.bundle.unit-test";
		};
		7D0401C51E03F69E00B7E49E /* PipesUITests */ = {
			isa = PBXNativeTarget;
			buildConfigurationList = 7D0401D51E03F69E00B7E49E /* Build configuration list for PBXNativeTarget "PipesUITests" */;
			buildPhases = (
				7D0401C21E03F69E00B7E49E /* Sources */,
				7D0401C31E03F69E00B7E49E /* Frameworks */,
				7D0401C41E03F69E00B7E49E /* Resources */,
			);
			buildRules = (
			);
			dependencies = (
				7D0401C81E03F69E00B7E49E /* PBXTargetDependency */,
			);
			name = PipesUITests;
			productName = PipesUITests;
			productReference = 7D0401C61E03F69E00B7E49E /* PipesUITests.xctest */;
			productType = "com.apple.product-type.bundle.ui-testing";
		};
/* End PBXNativeTarget section */

/* Begin PBXProject section */
		7D04019F1E03F69E00B7E49E /* Project object */ = {
			isa = PBXProject;
			attributes = {
				LastSwiftUpdateCheck = 0820;
				LastUpgradeCheck = 0820;
				ORGANIZATIONNAME = "David Poirier";
				TargetAttributes = {
					7D0401A61E03F69E00B7E49E = {
						CreatedOnToolsVersion = 8.2;
						DevelopmentTeam = 8H88VSXRAV;
						ProvisioningStyle = Automatic;
					};
					7D0401BA1E03F69E00B7E49E = {
						CreatedOnToolsVersion = 8.2;
						DevelopmentTeam = 8H88VSXRAV;
						ProvisioningStyle = Automatic;
						TestTargetID = 7D0401A61E03F69E00B7E49E;
					};
					7D0401C51E03F69E00B7E49E = {
						CreatedOnToolsVersion = 8.2;
						DevelopmentTeam = 8H88VSXRAV;
						ProvisioningStyle = Automatic;
						TestTargetID = 7D0401A61E03F69E00B7E49E;
					};
				};
			};
			buildConfigurationList = 7D0401A21E03F69E00B7E49E /* Build configuration list for PBXProject "Pipes" */;
			compatibilityVersion = "Xcode 3.2";
			developmentRegion = English;
			hasScannedForEncodings = 0;
			knownRegions = (
				en,
				Base,
			);
			mainGroup = 7D04019E1E03F69E00B7E49E;
			productRefGroup = 7D0401A81E03F69E00B7E49E /* Products */;
			projectDirPath = "";
			projectRoot = "";
			targets = (
				7D0401A61E03F69E00B7E49E /* Pipes */,
				7D0401BA1E03F69E00B7E49E /* PipesTests */,
				7D0401C51E03F69E00B7E49E /* PipesUITests */,
			);
		};
/* End PBXProject section */

/* Begin PBXResourcesBuildPhase section */
		7D0401A51E03F69E00B7E49E /* Resources */ = {
			isa = PBXResourcesBuildPhase;
			buildActionMask = 2147483647;
			files = (
				7D0401B51E03F69E00B7E49E /* LaunchScreen.storyboard in Resources */,
				7D0401B21E03F69E00B7E49E /* Assets.xcassets in Resources */,
				7D0401B01E03F69E00B7E49E /* Main.storyboard in Resources */,
			);
			runOnlyForDeploymentPostprocessing = 0;
		};
		7D0401B91E03F69E00B7E49E /* Resources */ = {
			isa = PBXResourcesBuildPhase;
			buildActionMask = 2147483647;
			files = (
			);
			runOnlyForDeploymentPostprocessing = 0;
		};
		7D0401C41E03F69E00B7E49E /* Resources */ = {
			isa = PBXResourcesBuildPhase;
			buildActionMask = 2147483647;
			files = (
			);
			runOnlyForDeploymentPostprocessing = 0;
		};
/* End PBXResourcesBuildPhase section */

/* Begin PBXSourcesBuildPhase section */
		7D0401A31E03F69E00B7E49E /* Sources */ = {
			isa = PBXSourcesBuildPhase;
			buildActionMask = 2147483647;
			files = (
				7D0401AD1E03F69E00B7E49E /* ViewController.swift in Sources */,
				7D0401D91E03F7CC00B7E49E /* PipesGrid.swift in Sources */,
				7D0401AB1E03F69E00B7E49E /* AppDelegate.swift in Sources */,
			);
			runOnlyForDeploymentPostprocessing = 0;
		};
		7D0401B71E03F69E00B7E49E /* Sources */ = {
			isa = PBXSourcesBuildPhase;
			buildActionMask = 2147483647;
			files = (
				7D0401C01E03F69E00B7E49E /* PipesTests.swift in Sources */,
			);
			runOnlyForDeploymentPostprocessing = 0;
		};
		7D0401C21E03F69E00B7E49E /* Sources */ = {
			isa = PBXSourcesBuildPhase;
			buildActionMask = 2147483647;
			files = (
				7D0401CB1E03F69E00B7E49E /* PipesUITests.swift in Sources */,
			);
			runOnlyForDeploymentPostprocessing = 0;
		};
/* End PBXSourcesBuildPhase section */

/* Begin PBXTargetDependency section */
		7D0401BD1E03F69E00B7E49E /* PBXTargetDependency */ = {
			isa = PBXTargetDependency;
			target = 7D0401A61E03F69E00B7E49E /* Pipes */;
			targetProxy = 7D0401BC1E03F69E00B7E49E /* PBXContainerItemProxy */;
		};
		7D0401C81E03F69E00B7E49E /* PBXTargetDependency */ = {
			isa = PBXTargetDependency;
			target = 7D0401A61E03F69E00B7E49E /* Pipes */;
			targetProxy = 7D0401C71E03F69E00B7E49E /* PBXContainerItemProxy */;
		};
/* End PBXTargetDependency section */

/* Begin PBXVariantGroup section */
		7D0401AE1E03F69E00B7E49E /* Main.storyboard */ = {
			isa = PBXVariantGroup;
			children = (
				7D0401AF1E03F69E00B7E49E /* Base */,
			);
			name = Main.storyboard;
			sourceTree = "<group>";
		};
		7D0401B31E03F69E00B7E49E /* LaunchScreen.storyboard */ = {
			isa = PBXVariantGroup;
			children = (
				7D0401B41E03F69E00B7E49E /* Base */,
			);
			name = LaunchScreen.storyboard;
			sourceTree = "<group>";
		};
/* End PBXVariantGroup section */

/* Begin XCBuildConfiguration section */
		7D0401CD1E03F69E00B7E49E /* Debug */ = {
			isa = XCBuildConfiguration;
			buildSettings = {
				ALWAYS_SEARCH_USER_PATHS = NO;
				CLANG_ANALYZER_NONNULL = YES;
				CLANG_CXX_LANGUAGE_STANDARD = "gnu++0x";
				CLANG_CXX_LIBRARY = "libc++";
				CLANG_ENABLE_MODULES = YES;
				CLANG_ENABLE_OBJC_ARC = YES;
				CLANG_WARN_BOOL_CONVERSION = YES;
				CLANG_WARN_CONSTANT_CONVERSION = YES;
				CLANG_WARN_DIRECT_OBJC_ISA_USAGE = YES_ERROR;
				CLANG_WARN_DOCUMENTATION_COMMENTS = YES;
				CLANG_WARN_EMPTY_BODY = YES;
				CLANG_WARN_ENUM_CONVERSION = YES;
				CLANG_WARN_INFINITE_RECURSION = YES;
				CLANG_WARN_INT_CONVERSION = YES;
				CLANG_WARN_OBJC_ROOT_CLASS = YES_ERROR;
				CLANG_WARN_SUSPICIOUS_MOVE = YES;
				CLANG_WARN_UNREACHABLE_CODE = YES;
				CLANG_WARN__DUPLICATE_METHOD_MATCH = YES;
				"CODE_SIGN_IDENTITY[sdk=iphoneos*]" = "iPhone Developer";
				COPY_PHASE_STRIP = NO;
				DEBUG_INFORMATION_FORMAT = dwarf;
				ENABLE_STRICT_OBJC_MSGSEND = YES;
				ENABLE_TESTABILITY = YES;
				GCC_C_LANGUAGE_STANDARD = gnu99;
				GCC_DYNAMIC_NO_PIC = NO;
				GCC_NO_COMMON_BLOCKS = YES;
				GCC_OPTIMIZATION_LEVEL = 0;
				GCC_PREPROCESSOR_DEFINITIONS = (
					"DEBUG=1",
					"$(inherited)",
				);
				GCC_WARN_64_TO_32_BIT_CONVERSION = YES;
				GCC_WARN_ABOUT_RETURN_TYPE = YES_ERROR;
				GCC_WARN_UNDECLARED_SELECTOR = YES;
				GCC_WARN_UNINITIALIZED_AUTOS = YES_AGGRESSIVE;
				GCC_WARN_UNUSED_FUNCTION = YES;
				GCC_WARN_UNUSED_VARIABLE = YES;
				IPHONEOS_DEPLOYMENT_TARGET = 10.2;
				MTL_ENABLE_DEBUG_INFO = YES;
				ONLY_ACTIVE_ARCH = YES;
				SDKROOT = iphoneos;
				SWIFT_ACTIVE_COMPILATION_CONDITIONS = DEBUG;
				SWIFT_OPTIMIZATION_LEVEL = "-Onone";
				TARGETED_DEVICE_FAMILY = "1,2";
			};
			name = Debug;
		};
		7D0401CE1E03F69E00B7E49E /* Release */ = {
			isa = XCBuildConfiguration;
			buildSettings = {
				ALWAYS_SEARCH_USER_PATHS = NO;
				CLANG_ANALYZER_NONNULL = YES;
				CLANG_CXX_LANGUAGE_STANDARD = "gnu++0x";
				CLANG_CXX_LIBRARY = "libc++";
				CLANG_ENABLE_MODULES = YES;
				CLANG_ENABLE_OBJC_ARC = YES;
				CLANG_WARN_BOOL_CONVERSION = YES;
				CLANG_WARN_CONSTANT_CONVERSION = YES;
				CLANG_WARN_DIRECT_OBJC_ISA_USAGE = YES_ERROR;
				CLANG_WARN_DOCUMENTATION_COMMENTS = YES;
				CLANG_WARN_EMPTY_BODY = YES;
				CLANG_WARN_ENUM_CONVERSION = YES;
				CLANG_WARN_INFINITE_RECURSION = YES;
				CLANG_WARN_INT_CONVERSION = YES;
				CLANG_WARN_OBJC_ROOT_CLASS = YES_ERROR;
				CLANG_WARN_SUSPICIOUS_MOVE = YES;
				CLANG_WARN_UNREACHABLE_CODE = YES;
				CLANG_WARN__DUPLICATE_METHOD_MATCH = YES;
				"CODE_SIGN_IDENTITY[sdk=iphoneos*]" = "iPhone Developer";
				COPY_PHASE_STRIP = NO;
				DEBUG_INFORMATION_FORMAT = "dwarf-with-dsym";
				ENABLE_NS_ASSERTIONS = NO;
				ENABLE_STRICT_OBJC_MSGSEND = YES;
				GCC_C_LANGUAGE_STANDARD = gnu99;
				GCC_NO_COMMON_BLOCKS = YES;
				GCC_WARN_64_TO_32_BIT_CONVERSION = YES;
				GCC_WARN_ABOUT_RETURN_TYPE = YES_ERROR;
				GCC_WARN_UNDECLARED_SELECTOR = YES;
				GCC_WARN_UNINITIALIZED_AUTOS = YES_AGGRESSIVE;
				GCC_WARN_UNUSED_FUNCTION = YES;
				GCC_WARN_UNUSED_VARIABLE = YES;
				IPHONEOS_DEPLOYMENT_TARGET = 10.2;
				MTL_ENABLE_DEBUG_INFO = NO;
				SDKROOT = iphoneos;
				SWIFT_OPTIMIZATION_LEVEL = "-Owholemodule";
				TARGETED_DEVICE_FAMILY = "1,2";
				VALIDATE_PRODUCT = YES;
			};
			name = Release;
		};
		7D0401D01E03F69E00B7E49E /* Debug */ = {
			isa = XCBuildConfiguration;
			buildSettings = {
				ASSETCATALOG_COMPILER_APPICON_NAME = AppIcon;
				DEVELOPMENT_TEAM = 8H88VSXRAV;
				INFOPLIST_FILE = Pipes/Info.plist;
				IPHONEOS_DEPLOYMENT_TARGET = 9.0;
				LD_RUNPATH_SEARCH_PATHS = "$(inherited) @executable_path/Frameworks";
				PRODUCT_BUNDLE_IDENTIFIER = co.uk.madmog.Pipes;
				PRODUCT_NAME = "$(TARGET_NAME)";
				SWIFT_VERSION = 3.0;
			};
			name = Debug;
		};
		7D0401D11E03F69E00B7E49E /* Release */ = {
			isa = XCBuildConfiguration;
			buildSettings = {
				ASSETCATALOG_COMPILER_APPICON_NAME = AppIcon;
				DEVELOPMENT_TEAM = 8H88VSXRAV;
				INFOPLIST_FILE = Pipes/Info.plist;
				IPHONEOS_DEPLOYMENT_TARGET = 9.0;
				LD_RUNPATH_SEARCH_PATHS = "$(inherited) @executable_path/Frameworks";
				PRODUCT_BUNDLE_IDENTIFIER = co.uk.madmog.Pipes;
				PRODUCT_NAME = "$(TARGET_NAME)";
				SWIFT_VERSION = 3.0;
			};
			name = Release;
		};
		7D0401D31E03F69E00B7E49E /* Debug */ = {
			isa = XCBuildConfiguration;
			buildSettings = {
				ALWAYS_EMBED_SWIFT_STANDARD_LIBRARIES = YES;
				BUNDLE_LOADER = "$(TEST_HOST)";
				DEVELOPMENT_TEAM = 8H88VSXRAV;
				INFOPLIST_FILE = PipesTests/Info.plist;
				LD_RUNPATH_SEARCH_PATHS = "$(inherited) @executable_path/Frameworks @loader_path/Frameworks";
				PRODUCT_BUNDLE_IDENTIFIER = co.uk.madmog.PipesTests;
				PRODUCT_NAME = "$(TARGET_NAME)";
				SWIFT_VERSION = 3.0;
				TEST_HOST = "$(BUILT_PRODUCTS_DIR)/Pipes.app/Pipes";
			};
			name = Debug;
		};
		7D0401D41E03F69E00B7E49E /* Release */ = {
			isa = XCBuildConfiguration;
			buildSettings = {
				ALWAYS_EMBED_SWIFT_STANDARD_LIBRARIES = YES;
				BUNDLE_LOADER = "$(TEST_HOST)";
				DEVELOPMENT_TEAM = 8H88VSXRAV;
				INFOPLIST_FILE = PipesTests/Info.plist;
				LD_RUNPATH_SEARCH_PATHS = "$(inherited) @executable_path/Frameworks @loader_path/Frameworks";
				PRODUCT_BUNDLE_IDENTIFIER = co.uk.madmog.PipesTests;
				PRODUCT_NAME = "$(TARGET_NAME)";
				SWIFT_VERSION = 3.0;
				TEST_HOST = "$(BUILT_PRODUCTS_DIR)/Pipes.app/Pipes";
			};
			name = Release;
		};
		7D0401D61E03F69E00B7E49E /* Debug */ = {
			isa = XCBuildConfiguration;
			buildSettings = {
				ALWAYS_EMBED_SWIFT_STANDARD_LIBRARIES = YES;
				DEVELOPMENT_TEAM = 8H88VSXRAV;
				INFOPLIST_FILE = PipesUITests/Info.plist;
				LD_RUNPATH_SEARCH_PATHS = "$(inherited) @executable_path/Frameworks @loader_path/Frameworks";
				PRODUCT_BUNDLE_IDENTIFIER = co.uk.madmog.PipesUITests;
				PRODUCT_NAME = "$(TARGET_NAME)";
				SWIFT_VERSION = 3.0;
				TEST_TARGET_NAME = Pipes;
			};
			name = Debug;
		};
		7D0401D71E03F69E00B7E49E /* Release */ = {
			isa = XCBuildConfiguration;
			buildSettings = {
				ALWAYS_EMBED_SWIFT_STANDARD_LIBRARIES = YES;
				DEVELOPMENT_TEAM = 8H88VSXRAV;
				INFOPLIST_FILE = PipesUITests/Info.plist;
				LD_RUNPATH_SEARCH_PATHS = "$(inherited) @executable_path/Frameworks @loader_path/Frameworks";
				PRODUCT_BUNDLE_IDENTIFIER = co.uk.madmog.PipesUITests;
				PRODUCT_NAME = "$(TARGET_NAME)";
				SWIFT_VERSION = 3.0;
				TEST_TARGET_NAME = Pipes;
			};
			name = Release;
		};
/* End XCBuildConfiguration section */

/* Begin XCConfigurationList section */
		7D0401A21E03F69E00B7E49E /* Build configuration list for PBXProject "Pipes" */ = {
			isa = XCConfigurationList;
			buildConfigurations = (
				7D0401CD1E03F69E00B7E49E /* Debug */,
				7D0401CE1E03F69E00B7E49E /* Release */,
			);
			defaultConfigurationIsVisible = 0;
			defaultConfigurationName = Release;
		};
		7D0401CF1E03F69E00B7E49E /* Build configuration list for PBXNativeTarget "Pipes" */ = {
			isa = XCConfigurationList;
			buildConfigurations = (
				7D0401D01E03F69E00B7E49E /* Debug */,
				7D0401D11E03F69E00B7E49E /* Release */,
			);
			defaultConfigurationIsVisible = 0;
		};
		7D0401D21E03F69E00B7E49E /* Build configuration list for PBXNativeTarget "PipesTests" */ = {
			isa = XCConfigurationList;
			buildConfigurations = (
				7D0401D31E03F69E00B7E49E /* Debug */,
				7D0401D41E03F69E00B7E49E /* Release */,
			);
			defaultConfigurationIsVisible = 0;
		};
		7D0401D51E03F69E00B7E49E /* Build configuration list for PBXNativeTarget "PipesUITests" */ = {
			isa = XCConfigurationList;
			buildConfigurations = (
				7D0401D61E03F69E00B7E49E /* Debug */,
				7D0401D71E03F69E00B7E49E /* Release */,
			);
			defaultConfigurationIsVisible = 0;
		};
/* End XCConfigurationList section */
	};
	rootObject = 7D04019F1E03F69E00B7E49E /* Project object */;
}
